lockfileVersion: '9.0'

settings:
  autoInstallPeers: true
  excludeLinksFromLockfile: false

importers:

  .:
    devDependencies:
      '@agentclientprotocol/sdk':
        specifier: ^1.4.0
        version: 1.4.0(zod@4.6.5)
      typescript:
        specifier: ^7.0.2
        version: 7.0.2
      zod:
        specifier: ^4.6.5
        version: 4.6.5

  packages/dsh-door:
    dependencies:
      '@agentclientprotocol/sdk':
        specifier: ^1.4.0
        version: 1.4.0(zod@4.6.5)
      '@deepseek-ai/dsh-acp':
        specifier: 0.1.5-rc.2 || 0.2.0-rc.1
        version: 0.2.0-rc.1(58a3078769b02694253fa9a25febe95c)

  packages/vscode-extension: {}

packages:

  '@agentclientprotocol/sdk@1.4.0':
    resolution: {integrity: sha512-/eufudw+aFY1LKLolT6yFE6UMmYRl7fMJ/DEONSIyR6wI3slHWITBsANRGqXEY8FRzqUxwh7QEaGiZHcJPVThg==}
    peerDependencies:
      zod: ^3.25.0 || ^4.0.0

  '@deepseek-ai/cordis@4.0.4':
    resolution: {integrity: sha512-obgyxqWAmFn3Re8kvsuUnyW+ihrz6eJCnJO4fh1cQzDtmPYz/zzVeUkH9R94I0OwSVOocK67Kgakm04j/oQXzg==}
    hasBin: true
    peerDependencies:
      '@deepseek-ai/cordis-plugin-include': ~1.0.9
      '@deepseek-ai/cordis-plugin-loader': ~1.0.5
    peerDependenciesMeta:
      '@deepseek-ai/cordis-plugin-include':
        optional: true
      '@deepseek-ai/cordis-plugin-loader':
        optional: true

  '@deepseek-ai/cosmokit@1.8.5':
    resolution: {integrity: sha512-LXsrlem9z8dq4sLflj2yuCuYX7KqhdzF5hZly3eZyuTo8d6oDSOXuEgC5DbQWKW+lksm6zmOutQLsP/ma6wR6A==}

  '@deepseek-ai/dsh-acp@0.2.0-rc.1':
    resolution: {integrity: sha512-mI/WObgzWh4Ppo8Apnx5UdJUrxj46MqKAzCMIpZuWYAW5/KQw8BED4+8u35NJ+aHOcS9YEUYdNJ63MADAPqKDA==}
    peerDependencies:
      '@deepseek-ai/cordis': ~4.0.4
      '@deepseek-ai/dsh-agent': 0.2.0-rc.1
      '@deepseek-ai/dsh-attachment': 0.2.0-rc.1
      '@deepseek-ai/dsh-llm': 0.2.0-rc.1
      '@deepseek-ai/dsh-mcp-client': 0.2.0-rc.1
      '@deepseek-ai/dsh-session': 0.2.0-rc.1
      '@deepseek-ai/dsh-session-persistence': 0.2.0-rc.1
      '@deepseek-ai/dsh-token-meter': 0.2.0-rc.1
      '@deepseek-ai/dsh-user-approval': 0.2.0-rc.1
    peerDependenciesMeta:
      '@deepseek-ai/dsh-token-meter':
        optional: true

  '@deepseek-ai/dsh-agent@0.2.0-rc.1':
    resolution: {integrity: sha512-PQ4Qtu7QiI6j2n730p8RJ+u4l7ywwhVJ4NeIe/Tj86hBYYZNvNT8iMhViECn+GSepAk7GmM/1eb7e7hvmYhsKA==}
    peerDependencies:
      '@deepseek-ai/cordis': ~4.0.4
      '@deepseek-ai/dsh-invariants': 0.2.0-rc.1
      '@deepseek-ai/dsh-llm': 0.2.0-rc.1
      '@deepseek-ai/dsh-scope': 0.2.0-rc.1
      '@deepseek-ai/dsh-session': 0.2.0-rc.1
      '@deepseek-ai/dsh-session-projection': 0.2.0-rc.1
      '@deepseek-ai/dsh-system-prompt': 0.2.0-rc.1
      '@deepseek-ai/dsh-typert-protocol': 0.2.0-rc.1
      '@deepseek-ai/dsh-util-values': 0.2.0-rc.1
      '@deepseek-ai/dsh-workspace': 0.2.0-rc.1
    peerDependenciesMeta:
      '@deepseek-ai/dsh-workspace':
        optional: true

  '@deepseek-ai/dsh-attachment@0.2.0-rc.1':
    resolution: {integrity: sha512-aKKFE9fGYYn1BCzDtun7IYkpiMANYt7s51vwPukkCnobNiLfxHrIyANLWNmMTSpq0iENfqREXPR805K/um8Hfw==}
    peerDependencies:
      '@deepseek-ai/cordis': ~4.0.4
      '@deepseek-ai/dsh-brand': 0.2.0-rc.1

  '@deepseek-ai/dsh-brand@0.2.0-rc.1':
    resolution: {integrity: sha512-TPeMaUt/Xev0X2TfIf6pSVVGiWAbFHy+VWCIW+w8UkC0yH1ep9302JQOBqhUgefAM4s/3W1R8lra/PMbFhjx2w==}
    peerDependencies:
      '@deepseek-ai/cordis': ~4.0.4

  '@deepseek-ai/dsh-http-proxy@0.2.0-rc.1':
    resolution: {integrity: sha512-C+0eloM7v1Ob0nNSKJ+ilU2uMIX8FOxE4t31Mdpf8TXXxGAVbjzu6P1Icn0WnjOXL+wAPuEXBrt9qhKPB6NPRQ==}
    peerDependencies:
      '@deepseek-ai/cordis': ~4.0.4

  '@deepseek-ai/dsh-invariants@0.2.0-rc.1':
    resolution: {integrity: sha512-sEeO6sRPGxgHChQsiU/V3LvelbVaLt7kb4WHVQqljZGgoAv3VZK0rzSlQaGfTCYJrThcoJ/a9mCT9pcZEZ3aDg==}
    peerDependencies:
      '@deepseek-ai/cordis': ~4.0.4

  '@deepseek-ai/dsh-llm@0.2.0-rc.1':
    resolution: {integrity: sha512-F5ZlBG8z8o5PfEWeEF/PN9t/A1N/oEErvqmpqE4J8f9mJR85DvBdV+rjDs7OjAbMJsJ8INjkbroruG5NNKDg5A==}
    peerDependencies:
      '@deepseek-ai/cordis': ~4.0.4

  '@deepseek-ai/dsh-mcp-client@0.2.0-rc.1':
    resolution: {integrity: sha512-/yiHuyxFbGAvYAyDc/eaE2eK/dywHeGAWT5+FyyuA0YBsc+mC0/cHj8+xv+lYRCaqYBPZoblbZf0tbnQi5/OWQ==}
    peerDependencies:
      '@deepseek-ai/cordis': ~4.0.4
      '@deepseek-ai/dsh-attachment': 0.2.0-rc.1
      '@deepseek-ai/dsh-llm': 0.2.0-rc.1
      '@deepseek-ai/dsh-mcp-resources': 0.2.0-rc.1
      '@deepseek-ai/dsh-scope': 0.2.0-rc.1
      '@deepseek-ai/dsh-subprocess': 0.2.0-rc.1
      '@deepseek-ai/dsh-system-prompt': 0.2.0-rc.1
      '@deepseek-ai/dsh-timeout': 0.2.0-rc.1
      '@deepseek-ai/dsh-tools': 0.2.0-rc.1
    peerDependenciesMeta:
      '@deepseek-ai/dsh-mcp-resources':
        optional: true
      '@deepseek-ai/dsh-system-prompt':
        optional: true

  '@deepseek-ai/dsh-ptc-runtime@0.2.0-rc.1':
    resolution: {integrity: sha512-bz4ObfDeRZyBCejUMrSiDKpIffCImGafgktIWqTEAqNCprVWLRUHT+rHGFPcxHJRBsvxFQLlXHkYc/ccfqIB4A==}
    peerDependencies:
      '@deepseek-ai/cordis': ~4.0.4
      '@deepseek-ai/dsh-sandbox': 0.2.0-rc.1

  '@deepseek-ai/dsh-sandbox-policy@0.2.0-rc.1':
    resolution: {integrity: sha512-O850xvmnU+Bxpq7F7d0QjiFm3Y581GwFxfvBvLohzyAC81M6iXGBrbxt4EcX/CUPJEIHB0KSOUrX9/3xQulNZw==}
    peerDependencies:
      '@deepseek-ai/cordis': ~4.0.4
      '@deepseek-ai/dsh-agent': 0.2.0-rc.1
      '@deepseek-ai/dsh-invariants': 0.2.0-rc.1
      '@deepseek-ai/dsh-sandbox': 0.2.0-rc.1
      '@deepseek-ai/dsh-session': 0.2.0-rc.1
      '@deepseek-ai/dsh-session-projection': 0.2.0-rc.1
      '@deepseek-ai/dsh-system-prompt': 0.2.0-rc.1

  '@deepseek-ai/dsh-sandbox@0.2.0-rc.1':
    resolution: {integrity: sha512-NnEHqSf4SKoM5cIqtHg+utLUZYJX4r9u2PwQbEpYwiOYSvOW5G4DRtLRpIX7J6V2HOC6CXo2Xcm3DJBOsbKYOA==}
    peerDependencies:
      '@deepseek-ai/cordis': ~4.0.4
      '@deepseek-ai/dsh-llm': 0.2.0-rc.1
      '@deepseek-ai/dsh-session': 0.2.0-rc.1

  '@deepseek-ai/dsh-scope@0.2.0-rc.1':
    resolution: {integrity: sha512-D1JeWIz40A62/nJIi7HwLsddmuDwdcxV9Lbx5IgBveWDZHGqPIP0/CPJ4o6XWr+C1qI/GBtdMkN2Z3F20Rlt7w==}
    peerDependencies:
      '@deepseek-ai/cordis': ~4.0.4
      '@deepseek-ai/dsh-invariants': 0.2.0-rc.1

  '@deepseek-ai/dsh-session-persistence@0.2.0-rc.1':
    resolution: {integrity: sha512-OAHmDpR3LasgEXzpmGyajlgcG5tOEzlUSclovllLtKaY402hcTn6Vm7W/EzRMwc+jvSfEQyXDY1g7wG3t3Ch+g==}
    peerDependencies:
      '@deepseek-ai/cordis': ~4.0.4
      '@deepseek-ai/dsh-brand': 0.2.0-rc.1
      '@deepseek-ai/dsh-session': 0.2.0-rc.1
      '@deepseek-ai/dsh-timeout': 0.2.0-rc.1

  '@deepseek-ai/dsh-session-projection@0.2.0-rc.1':
    resolution: {integrity: sha512-6ymxQyycjXlxayjgVfxAsQv8POk3oKny/mrpxPcz30/Sv8FRsWnEnKaWf1pQvlBsGQcN6atOqXWsNyvHSyT/zw==}
    peerDependencies:
      '@deepseek-ai/cordis': ~4.0.4
      '@deepseek-ai/dsh-session': 0.2.0-rc.1

  '@deepseek-ai/dsh-session@0.2.0-rc.1':
    resolution: {integrity: sha512-KUDCUk8kmiJCwvV3gDbkUSpkyoGHdg36nIhKsEh6iBoYDuIQCuvX2htiVRXCm099XZO6rCBVInmm1193UoPYcA==}
    peerDependencies:
      '@deepseek-ai/cordis': ~4.0.4
      '@deepseek-ai/dsh-scope': 0.2.0-rc.1

  '@deepseek-ai/dsh-subprocess@0.2.0-rc.1':
    resolution: {integrity: sha512-nqrYK8+qA4133YR71PCuEUCinCT+CHQZoNlYhTBRiG7sybQLLkgu+/Dpqrcio3+2htRCnvriTw0RzY/2J6msOQ==}
    peerDependencies:
      '@deepseek-ai/cordis': ~4.0.4
      '@deepseek-ai/dsh-http-proxy': 0.2.0-rc.1

  '@deepseek-ai/dsh-system-prompt@0.2.0-rc.1':
    resolution: {integrity: sha512-AZC0HBWaiopkVcJXh/WEzyyF19+/yBPnbuLrZoD7h+UJYF8iG8tlDabauWfMw+dvgoYe9hIiTV2EcFRv4AgJhw==}
    peerDependencies:
      '@deepseek-ai/cordis': ~4.0.4
      '@deepseek-ai/dsh-invariants': 0.2.0-rc.1
      '@deepseek-ai/dsh-llm': 0.2.0-rc.1
      '@deepseek-ai/dsh-scope': 0.2.0-rc.1

  '@deepseek-ai/dsh-timeout@0.2.0-rc.1':
    resolution: {integrity: sha512-SQpvDLIPU0EJP1lbphfuEkLrvnX+CE9u9ym1+L5z/8dYe9BCPbhgjQoRvDnyzKZqFyoXVvZFdqdAADlc6DX7Ig==}
    peerDependencies:
      '@deepseek-ai/cordis': ~4.0.4

  '@deepseek-ai/dsh-tools@0.2.0-rc.1':
    resolution: {integrity: sha512-HmXY+X4HBoeuGBJWkS+q91GEGK61XgNc3qCXT+QqI+nzCcg1VOIwWvjgOnr1c76x5HKPyxR7FF3PMMq3+hO7oQ==}
    peerDependencies:
      '@deepseek-ai/cordis': ~4.0.4
      '@deepseek-ai/dsh-agent': 0.2.0-rc.1
      '@deepseek-ai/dsh-invariants': 0.2.0-rc.1
      '@deepseek-ai/dsh-llm': 0.2.0-rc.1
      '@deepseek-ai/dsh-ptc-runtime': 0.2.0-rc.1
      '@deepseek-ai/dsh-sandbox': 0.2.0-rc.1
      '@deepseek-ai/dsh-sandbox-policy': 0.2.0-rc.1
      '@deepseek-ai/dsh-scope': 0.2.0-rc.1
      '@deepseek-ai/dsh-session': 0.2.0-rc.1
      '@deepseek-ai/dsh-system-prompt': 0.2.0-rc.1
      '@deepseek-ai/dsh-user-approval': 0.2.0-rc.1

  '@deepseek-ai/dsh-typert-protocol@0.2.0-rc.1':
    resolution: {integrity: sha512-MhpeimGP6E3MqSESLm32OmPgx5aNUG7yCJCgcIFw7XBWhQmKB9fU3CWuUxxbWZeC7eWkdJ93AG2ww/Qu6QWW9A==}
    peerDependencies:
      '@deepseek-ai/cordis': ~4.0.4

  '@deepseek-ai/dsh-user-approval@0.2.0-rc.1':
    resolution: {integrity: sha512-0d2sFESHYhnnwuIPDw7sNImFE+HWU6kbX9cWZSPntMXLMhr8lgJFmtZFmrZwobQO7lhpEZKcvX8Jhzmc3OCdWQ==}
    peerDependencies:
      '@deepseek-ai/cordis': ~4.0.4
      '@deepseek-ai/dsh-agent': 0.2.0-rc.1
      '@deepseek-ai/dsh-brand': 0.2.0-rc.1
      '@deepseek-ai/dsh-invariants': 0.2.0-rc.1
      '@deepseek-ai/dsh-llm': 0.2.0-rc.1
      '@deepseek-ai/dsh-scope': 0.2.0-rc.1
      '@deepseek-ai/dsh-session': 0.2.0-rc.1
      '@deepseek-ai/dsh-system-prompt': 0.2.0-rc.1

  '@deepseek-ai/dsh-util-crypto@0.2.0-rc.1':
    resolution: {integrity: sha512-BLBQVRGBlzhNprSpREiMDi1JwX0X8jKdEPWiVRKBnttlG9d33j1pLsaiH9HHLY/D10lXX/NagGia/Zz9mW4FBA==}
    peerDependencies:
      '@deepseek-ai/cordis': ~4.0.4

  '@deepseek-ai/dsh-util-values@0.2.0-rc.1':
    resolution: {integrity: sha512-Eh1HH0LFvztBwU2xotdfW5oCwLlWGjK2ygCC5+PnC3tkSDh9gvVQpEf0ezK+Kk6vpLz117V7VPehhR1+gs90+Q==}
    peerDependencies:
      '@deepseek-ai/cordis': ~4.0.4

  '@deepseek-ai/schemastery@3.18.4':
    resolution: {integrity: sha512-SSXO6tYuyrIqKVbmOnIq0s+riUywYzouFMcnBluHF9n4KMo2G8HvEzhCYj6pj2617/glOjbJuVInJ9hfONsjkg==}

  '@modelcontextprotocol/client@2.0.0':
    resolution: {integrity: sha512-8f1OghQ2rjzIOfqgUCP+8GiUWqRs89njoWLNqAe8kWmDePv3s1fZXseej+QXemssEuuOvLLmLO/kqM3IQHtISw==}
    engines: {node: '>=20'}

  '@modelcontextprotocol/core@2.0.0':
    resolution: {integrity: sha512-pJCEwGG7Lfr/+PQp9ZTwKXNeO5wzbfKL7H3MYpCorM4oFBoQrdjnBgEoqG+RjhsvS1FKrDbKux+M1HhlnGWqcA==}
    engines: {node: '>=20'}

  '@standard-schema/spec@1.1.0':
    resolution: {integrity: sha512-l2aFy5jALhniG5HgqrD6jXLi/rUWrKvqN/qJx6yoJsgKhblVd+iqqU4RCXavm/jPityDo5TCvKMnpjKnOriy0w==}

  '@typescript/typescript-aix-ppc64@7.0.2':
    resolution: {integrity: sha512-MTKKkWB7p/0E9xi1d1tHtZ5PiLkGEMIq88pK2CubZjOsLtYTLqhgIgi6zepFa+9GHZ6h05NMCkQxGKiPXMxXtQ==}
    engines: {node: '>=16.20.0'}
    cpu: [ppc64]
    os: [aix]

  '@typescript/typescript-darwin-arm64@7.0.2':
    resolution: {integrity: sha512-gowzar9MwS/aRWp6f3a4KUqzRjAZjOsmGNCM6LcTgXum+dBfgsBVMN+AgvOCCbguXyick6LJhpBszxMebJ8syA==}
    engines: {node: '>=16.20.0'}
    cpu: [arm64]
    os: [darwin]

  '@typescript/typescript-darwin-x64@7.0.2':
    resolution: {integrity: sha512-SZ9xZInqApNlNGc9s0W1VSsktYSOe9cFqNOIqmN1Gs8SmkjKZYFt017G4VwPxASInODuAdbTW7sXiFUf893RgA==}
    engines: {node: '>=16.20.0'}
    cpu: [x64]
    os: [darwin]

  '@typescript/typescript-freebsd-arm64@7.0.2':
    resolution: {integrity: sha512-W5NH4y/J0plIIS5b2xvTEkU7JFxyqdMAOgf+Ilhl0vHQXKO5dZoxd+C/jEtq56c4F3wk71RB4BMRQ2XdI+bwYQ==}
    engines: {node: '>=16.20.0'}
    cpu: [arm64]
    os: [freebsd]

  '@typescript/typescript-freebsd-x64@7.0.2':
    resolution: {integrity: sha512-UMGDx5sTpzNw3WiPebH7l90IWfJggEd+egHt/q6p7/Cm3zqoV7VxkGXt+3DxPIw8CcmvAB0j3sVVfbhX+M4Tpw==}
    engines: {node: '>=16.20.0'}
    cpu: [x64]
    os: [freebsd]

  '@typescript/typescript-linux-arm64@7.0.2':
    resolution: {integrity: sha512-Qh4eU4/y3yDjnfjjyPYihMj5/ODIlmt+Bzu17OI+fiSRDW57QmU5SiN63exPRNJPKUzcc1INa1NXdrJ+MqHjUQ==}
    engines: {node: '>=16.20.0'}
    cpu: [arm64]
    os: [linux]

  '@typescript/typescript-linux-arm@7.0.2':
    resolution: {integrity: sha512-gffT3xPz9sR7j/YJExkyPntrI0P2EP9XbOyWzth2/Gs0RstK+90RBcO0ncXoXy/beYll1SXw846Nf2zdnEz0QQ==}
    engines: {node: '>=16.20.0'}
    cpu: [arm]
    os: [linux]

  '@typescript/typescript-linux-loong64@7.0.2':
    resolution: {integrity: sha512-uEHck9i8hoAzXPiYRib1O7miOnz23SxIeVl6F4LXox+qov1K35jHcEW6VHKvZI+pyvl7fZEP4MCU5LYvIq1GuQ==}
    engines: {node: '>=16.20.0'}
    cpu: [loong64]
    os: [linux]

  '@typescript/typescript-linux-mips64el@7.0.2':
    resolution: {integrity: sha512-R4KvAMnE43W5Qeqb0Ly56O3mWMWIAgsMyz36DCaycd5nbg/9kzm0liw3JocfRqyJY0KPmzFjbswozXyW0DnIYA==}
    engines: {node: '>=16.20.0'}
    cpu: [mips64el]
    os: [linux]

  '@typescript/typescript-linux-ppc64@7.0.2':
    resolution: {integrity: sha512-DORx5b3sd/4S7eayxm4FQv+A7CrkUIGRaHiwI8oiHTAI1fAPWhF4J0vAlkC8biAlHSVVwxMQ3tjZ2/DVbnQiiA==}
    engines: {node: '>=16.20.0'}
    cpu: [ppc64]
    os: [linux]

  '@typescript/typescript-linux-riscv64@7.0.2':
    resolution: {integrity: sha512-wf0jqEDOjrPRnKwYRyyJDRo11KMbvMFrU+q4zqKyChODBzvlkbhNQfKvLxQCcwTpdDaXSHZTVuh0JoCrKCUMHQ==}
    engines: {node: '>=16.20.0'}
    cpu: [riscv64]
    os: [linux]

  '@typescript/typescript-linux-s390x@7.0.2':
    resolution: {integrity: sha512-IkwJc3L7yhytWd/ewjyxNDfOmswCm9GWMJT/ue/dU4aZNbwZeYAetq42VyLmsmSjvoX7z74X6ZaYCtzAr0EuGw==}
    engines: {node: '>=16.20.0'}
    cpu: [s390x]
    os: [linux]

  '@typescript/typescript-linux-x64@7.0.2':
    resolution: {integrity: sha512-EYdf2cNg7rgCWJnxCdJ+F3V39O8ihb37eHAu1LK8oAFizgTQbPOK7zHHXbPt8rX24COqODXeI3sIf0fCXG7H/A==}
    engines: {node: '>=16.20.0'}
    cpu: [x64]
    os: [linux]

  '@typescript/typescript-netbsd-arm64@7.0.2':
    resolution: {integrity: sha512-+polYF4MF04aPpO5FTkHran9yUQDSXqy5GiSDKpsll5jy3l3+g9QLhpf39T+ePtefhXLOGrLl0QIjkQP6VnelA==}
    engines: {node: '>=16.20.0'}
    cpu: [arm64]
    os: [netbsd]

  '@typescript/typescript-netbsd-x64@7.0.2':
    resolution: {integrity: sha512-8YIT0EHM/3dq10ZOVF/A7pc/YSMtbcecct4rWtexrnSCHOPcpC2KTLXfTCR6vDpnSiY12heNb1GiN/wu+T/FyA==}
    engines: {node: '>=16.20.0'}
    cpu: [x64]
    os: [netbsd]

  '@typescript/typescript-openbsd-arm64@7.0.2':
    resolution: {integrity: sha512-APT8+ClYnuYm1u9+kgGXoMj2VzWzcymwh2gNSQVySHfkRDGOTVkoWLjCmOQSaO+PoqQ57B0flRp9SA+7GnnkzQ==}
    engines: {node: '>=16.20.0'}
    cpu: [arm64]
    os: [openbsd]

  '@typescript/typescript-openbsd-x64@7.0.2':
    resolution: {integrity: sha512-yX7s+Q0Dln0Dt9tEzZsAjXXR/+ytBM7AlglaqyeMPxQszJ1JhlJdZ6jLA+IzldHtflX81em7lDao1xXu+aRRkg==}
    engines: {node: '>=16.20.0'}
    cpu: [x64]
    os: [openbsd]

  '@typescript/typescript-sunos-x64@7.0.2':
    resolution: {integrity: sha512-dLJDGaLZ1D4HPQn62u1n8mBDkJREwMsAkCdkwd4Ieqw+x3TUyTsqY0YiBCtE6H6OzzgGk3iuZ3vFWRS+E8/d1g==}
    engines: {node: '>=16.20.0'}
    cpu: [x64]
    os: [sunos]

  '@typescript/typescript-win32-arm64@7.0.2':
    resolution: {integrity: sha512-Gyl1Vy6OsWesLzmq+EP0Fb7b4Nid5232AvcA2SFcdYreldpNtYFFofPjnt62y9hQy7VTaZp65ICJjuAQRaVcIQ==}
    engines: {node: '>=16.20.0'}
    cpu: [arm64]
    os: [win32]

  '@typescript/typescript-win32-x64@7.0.2':
    resolution: {integrity: sha512-0BQ3HkAHHlKLSp1qRvf3SUhGpGsDuhB/jgFw75guyqbxJqEaS0Cw/VFO8i2nHglJUzQCRtMMR/IBAKE3ETMC4g==}
    engines: {node: '>=16.20.0'}
    cpu: [x64]
    os: [win32]

  cross-spawn@7.0.6:
    resolution: {integrity: sha512-uV2QOWP2nWzsy2aMp8aRibhi9dlzF5Hgh5SHaB9OiTGEyDTiJJyx0uy51QXdyWbtAHNua4XJzUKca3OzKUd3vA==}
    engines: {node: '>= 8'}

  eventsource-parser@3.1.1:
    resolution: {integrity: sha512-EKN1vKAMcZ8MlYMpaNuxN6R9yakzH6uajHcHVTqWJzvu5pWw9DyhbP35HH8MVBQ+dZjAfDxk+A8NiR9KWaXiyQ==}
    engines: {node: '>=18.0.0'}

  eventsource@3.0.2:
    resolution: {integrity: sha512-YolzkJNxsTL3tCJMWFxpxtG2sCjbZ4LQUBUrkdaJK0ub0p6lmJt+2+1SwhKjLc652lpH9L/79Ptez972H9tphw==}
    engines: {node: '>=18.0.0'}

  isexe@2.0.0:
    resolution: {integrity: sha512-RHxMLp9lnKHGHRng9QFhRCMbYAcVpn69smSGcq3f36xjgVVWThj4qqLbTLlq7Ssj8B+fIQ1EuCEGI2lKsyQeIw==}

  jose@6.2.12:
    resolution: {integrity: sha512-9NiFmJEex0sy2Dk58j2UGBSHgUs2ypF9eZSu4L6vjOX3Dp96Sw1F3uL+H+D1sx02jZZdzUT0HgvCy59CuvXcWw==}

  path-key@3.1.1:
    resolution: {integrity: sha512-ojmeN0qd+y0jszEtoY48r0Peq5dwMEkIlCOu6Q5f41lfkswXuKtYrhgoTpLnyIcHm24Uhqx+5Tqm2InSwLhE6Q==}
    engines: {node: '>=8'}

  pkce-challenge@5.0.0:
    resolution: {integrity: sha512-ueGLflrrnvwB3xuo/uGob5pd5FN7l0MsLf0Z87o/UQmRtwjvfylfc9MurIxRAWywCYTgrvpXBcqjV4OfCYGCIQ==}
    engines: {node: '>=16.20.0'}

  shebang-command@2.0.0:
    resolution: {integrity: sha512-kHxr2zZpYtdmrN1qDjrrX/Z1rR1kG8Dx+gkpK1G4eXmvXswmcE1hTWBWYUzlraYw1/yZp6YuDY77YtvbN0dmDA==}
    engines: {node: '>=8'}

  shebang-regex@3.0.0:
    resolution: {integrity: sha512-7++dFhtcx3353uBaq8DDR4NuxBetBzC7ZQOhmTQInHEd6bSrXdiEyzCvG07Z44UYdLShWUyXt5M/yhz8ekcb1A==}
    engines: {node: '>=8'}

  typescript@7.0.2:
    resolution: {integrity: sha512-8FYau96o3NKOhbjKi/qNvG/W5jhzxkbdm5sj9AbZ/5T5sWqn3hJgLfGx27sRKZWTvyzCP8dLRBTf5tBTSRVUNA==}
    engines: {node: '>=16.20.0'}
    hasBin: true

  undici@8.11.2:
    resolution: {integrity: sha512-u4UB2/IrKdU6lFxumHmmo1a3fCQO5tzQllRorfoRS63txhrB7xTpSn1PftwC4qEHkOaqP95fCWW4lJzwErwzhQ==}
    engines: {node: '>=22.19.0'}

  which@2.0.1:
    resolution: {integrity: sha512-N7GBZOTswtB9lkQBZA4+zAXrjEIWAUOB93AvzUiudRzRxhUdLURQ7D/gAIMY1gatT/LTbmbcv8SiYazy3eYB7w==}
    engines: {node: '>= 8'}
    hasBin: true

  zod@4.6.5:
    resolution: {integrity: sha512-v5l/aFXZQeai4awLbOpSoHecE9UiMrnfx75tEXLjNonXVARxQ5mOeipTjROUchszUNCqnE+hqAMujRsRHsut2Q==}

snapshots:

  '@agentclientprotocol/sdk@1.4.0(zod@4.6.5)':
    dependencies:
      zod: 4.6.5

  '@deepseek-ai/cordis@4.0.4':
    dependencies:
      '@deepseek-ai/cosmokit': 1.8.5
      '@standard-schema/spec': 1.1.0

  '@deepseek-ai/cosmokit@1.8.5': {}

  '@deepseek-ai/dsh-acp@0.2.0-rc.1(58a3078769b02694253fa9a25febe95c)':
    dependencies:
      '@agentclientprotocol/sdk': 1.4.0(zod@4.6.5)
      '@deepseek-ai/cordis': 4.0.4
      '@deepseek-ai/dsh-agent': 0.2.0-rc.1(d61f3b086328d5683f77296febd0cfed)
      '@deepseek-ai/dsh-attachment': 0.2.0-rc.1(@deepseek-ai/cordis@4.0.4)(@deepseek-ai/dsh-brand@0.2.0-rc.1(@deepseek-ai/cordis@4.0.4))
      '@deepseek-ai/dsh-brand': 0.2.0-rc.1(@deepseek-ai/cordis@4.0.4)
      '@deepseek-ai/dsh-llm': 0.2.0-rc.1(@deepseek-ai/cordis@4.0.4)
      '@deepseek-ai/dsh-mcp-client': 0.2.0-rc.1(@deepseek-ai/cordis@4.0.4)(@deepseek-ai/dsh-attachment@0.2.0-rc.1(@deepseek-ai/cordis@4.0.4)(@deepseek-ai/dsh-brand@0.2.0-rc.1(@deepseek-ai/cordis@4.0.4)))(@deepseek-ai/dsh-llm@0.2.0-rc.1(@deepseek-ai/cordis@4.0.4))(@deepseek-ai/dsh-scope@0.2.0-rc.1(@deepseek-ai/cordis@4.0.4)(@deepseek-ai/dsh-invariants@0.2.0-rc.1(@deepseek-ai/cordis@4.0.4)))(@deepseek-ai/dsh-subprocess@0.2.0-rc.1(@deepseek-ai/cordis@4.0.4)(@deepseek-ai/dsh-http-proxy@0.2.0-rc.1(@deepseek-ai/cordis@4.0.4)))(@deepseek-ai/dsh-system-prompt@0.2.0-rc.1(@deepseek-ai/cordis@4.0.4)(@deepseek-ai/dsh-invariants@0.2.0-rc.1(@deepseek-ai/cordis@4.0.4))(@deepseek-ai/dsh-llm@0.2.0-rc.1(@deepseek-ai/cordis@4.0.4))(@deepseek-ai/dsh-scope@0.2.0-rc.1(@deepseek-ai/cordis@4.0.4)(@deepseek-ai/dsh-invariants@0.2.0-rc.1(@deepseek-ai/cordis@4.0.4))))(@deepseek-ai/dsh-timeout@0.2.0-rc.1(@deepseek-ai/cordis@4.0.4))(@deepseek-ai/dsh-tools@0.2.0-rc.1(36940444868c3bdd7187eceb3e076533))
      '@deepseek-ai/dsh-session': 0.2.0-rc.1(@deepseek-ai/cordis@4.0.4)(@deepseek-ai/dsh-scope@0.2.0-rc.1(@deepseek-ai/cordis@4.0.4)(@deepseek-ai/dsh-invariants@0.2.0-rc.1(@deepseek-ai/cordis@4.0.4)))
      '@deepseek-ai/dsh-session-persistence': 0.2.0-rc.1(@deepseek-ai/cordis@4.0.4)(@deepseek-ai/dsh-brand@0.2.0-rc.1(@deepseek-ai/cordis@4.0.4))(@deepseek-ai/dsh-session@0.2.0-rc.1(@deepseek-ai/cordis@4.0.4)(@deepseek-ai/dsh-scope@0.2.0-rc.1(@deepseek-ai/cordis@4.0.4)(@deepseek-ai/dsh-invariants@0.2.0-rc.1(@deepseek-ai/cordis@4.0.4))))(@deepseek-ai/dsh-timeout@0.2.0-rc.1(@deepseek-ai/cordis@4.0.4))
      '@deepseek-ai/dsh-user-approval': 0.2.0-rc.1(@deepseek-ai/cordis@4.0.4)(@deepseek-ai/dsh-agent@0.2.0-rc.1(d61f3b086328d5683f77296febd0cfed))(@deepseek-ai/dsh-brand@0.2.0-rc.1(@deepseek-ai/cordis@4.0.4))(@deepseek-ai/dsh-invariants@0.2.0-rc.1(@deepseek-ai/cordis@4.0.4))(@deepseek-ai/dsh-llm@0.2.0-rc.1(@deepseek-ai/cordis@4.0.4))(@deepseek-ai/dsh-scope@0.2.0-rc.1(@deepseek-ai/cordis@4.0.4)(@deepseek-ai/dsh-invariants@0.2.0-rc.1(@deepseek-ai/cordis@4.0.4)))(@deepseek-ai/dsh-session@0.2.0-rc.1(@deepseek-ai/cordis@4.0.4)(@deepseek-ai/dsh-scope@0.2.0-rc.1(@deepseek-ai/cordis@4.0.4)(@deepseek-ai/dsh-invariants@0.2.0-rc.1(@deepseek-ai/cordis@4.0.4))))(@deepseek-ai/dsh-system-prompt@0.2.0-rc.1(@deepseek-ai/cordis@4.0.4)(@deepseek-ai/dsh-invariants@0.2.0-rc.1(@deepseek-ai/cordis@4.0.4))(@deepseek-ai/dsh-llm@0.2.0-rc.1(@deepseek-ai/cordis@4.0.4))(@deepseek-ai/dsh-scope@0.2.0-rc.1(@deepseek-ai/cordis@4.0.4)(@deepseek-ai/dsh-invariants@0.2.0-rc.1(@deepseek-ai/cordis@4.0.4))))
      '@deepseek-ai/schemastery': 3.18.4
    transitivePeerDependencies:
      - zod

  '@deepseek-ai/dsh-agent@0.2.0-rc.1(d61f3b086328d5683f77296febd0cfed)':
    dependencies:
      '@deepseek-ai/cordis': 4.0.4
      '@deepseek-ai/dsh-invariants': 0.2.0-rc.1(@deepseek-ai/cordis@4.0.4)
      '@deepseek-ai/dsh-llm': 0.2.0-rc.1(@deepseek-ai/cordis@4.0.4)
      '@deepseek-ai/dsh-scope': 0.2.0-rc.1(@deepseek-ai/cordis@4.0.4)(@deepseek-ai/dsh-invariants@0.2.0-rc.1(@deepseek-ai/cordis@4.0.4))
      '@deepseek-ai/dsh-session': 0.2.0-rc.1(@deepseek-ai/cordis@4.0.4)(@deepseek-ai/dsh-scope@0.2.0-rc.1(@deepseek-ai/cordis@4.0.4)(@deepseek-ai/dsh-invariants@0.2.0-rc.1(@deepseek-ai/cordis@4.0.4)))
      '@deepseek-ai/dsh-session-projection': 0.2.0-rc.1(@deepseek-ai/cordis@4.0.4)(@deepseek-ai/dsh-session@0.2.0-rc.1(@deepseek-ai/cordis@4.0.4)(@deepseek-ai/dsh-scope@0.2.0-rc.1(@deepseek-ai/cordis@4.0.4)(@deepseek-ai/dsh-invariants@0.2.0-rc.1(@deepseek-ai/cordis@4.0.4))))
      '@deepseek-ai/dsh-system-prompt': 0.2.0-rc.1(@deepseek-ai/cordis@4.0.4)(@deepseek-ai/dsh-invariants@0.2.0-rc.1(@deepseek-ai/cordis@4.0.4))(@deepseek-ai/dsh-llm@0.2.0-rc.1(@deepseek-ai/cordis@4.0.4))(@deepseek-ai/dsh-scope@0.2.0-rc.1(@deepseek-ai/cordis@4.0.4)(@deepseek-ai/dsh-invariants@0.2.0-rc.1(@deepseek-ai/cordis@4.0.4)))
      '@deepseek-ai/dsh-typert-protocol': 0.2.0-rc.1(@deepseek-ai/cordis@4.0.4)
      '@deepseek-ai/dsh-util-values': 0.2.0-rc.1(@deepseek-ai/cordis@4.0.4)

  '@deepseek-ai/dsh-attachment@0.2.0-rc.1(@deepseek-ai/cordis@4.0.4)(@deepseek-ai/dsh-brand@0.2.0-rc.1(@deepseek-ai/cordis@4.0.4))':
    dependencies:
      '@deepseek-ai/cordis': 4.0.4
      '@deepseek-ai/dsh-brand': 0.2.0-rc.1(@deepseek-ai/cordis@4.0.4)

  '@deepseek-ai/dsh-brand@0.2.0-rc.1(@deepseek-ai/cordis@4.0.4)':
    dependencies:
      '@deepseek-ai/cordis': 4.0.4

  '@deepseek-ai/dsh-http-proxy@0.2.0-rc.1(@deepseek-ai/cordis@4.0.4)':
    dependencies:
      '@deepseek-ai/cordis': 4.0.4
      undici: 8.11.2

  '@deepseek-ai/dsh-invariants@0.2.0-rc.1(@deepseek-ai/cordis@4.0.4)':
    dependencies:
      '@deepseek-ai/cordis': 4.0.4
      '@deepseek-ai/schemastery': 3.18.4

  '@deepseek-ai/dsh-llm@0.2.0-rc.1(@deepseek-ai/cordis@4.0.4)':
    dependencies:
      '@deepseek-ai/cordis': 4.0.4
      '@deepseek-ai/dsh-brand': 0.2.0-rc.1(@deepseek-ai/cordis@4.0.4)
      '@deepseek-ai/dsh-timeout': 0.2.0-rc.1(@deepseek-ai/cordis@4.0.4)
      '@deepseek-ai/dsh-typert-protocol': 0.2.0-rc.1(@deepseek-ai/cordis@4.0.4)
      '@deepseek-ai/dsh-util-crypto': 0.2.0-rc.1(@deepseek-ai/cordis@4.0.4)
      '@deepseek-ai/dsh-util-values': 0.2.0-rc.1(@deepseek-ai/cordis@4.0.4)
      '@deepseek-ai/schemastery': 3.18.4
      zod: 4.6.5

  '@deepseek-ai/dsh-mcp-client@0.2.0-rc.1(@deepseek-ai/cordis@4.0.4)(@deepseek-ai/dsh-attachment@0.2.0-rc.1(@deepseek-ai/cordis@4.0.4)(@deepseek-ai/dsh-brand@0.2.0-rc.1(@deepseek-ai/cordis@4.0.4)))(@deepseek-ai/dsh-llm@0.2.0-rc.1(@deepseek-ai/cordis@4.0.4))(@deepseek-ai/dsh-scope@0.2.0-rc.1(@deepseek-ai/cordis@4.0.4)(@deepseek-ai/dsh-invariants@0.2.0-rc.1(@deepseek-ai/cordis@4.0.4)))(@deepseek-ai/dsh-subprocess@0.2.0-rc.1(@deepseek-ai/cordis@4.0.4)(@deepseek-ai/dsh-http-proxy@0.2.0-rc.1(@deepseek-ai/cordis@4.0.4)))(@deepseek-ai/dsh-system-prompt@0.2.0-rc.1(@deepseek-ai/cordis@4.0.4)(@deepseek-ai/dsh-invariants@0.2.0-rc.1(@deepseek-ai/cordis@4.0.4))(@deepseek-ai/dsh-llm@0.2.0-rc.1(@deepseek-ai/cordis@4.0.4))(@deepseek-ai/dsh-scope@0.2.0-rc.1(@deepseek-ai/cordis@4.0.4)(@deepseek-ai/dsh-invariants@0.2.0-rc.1(@deepseek-ai/cordis@4.0.4))))(@deepseek-ai/dsh-timeout@0.2.0-rc.1(@deepseek-ai/cordis@4.0.4))(@deepseek-ai/dsh-tools@0.2.0-rc.1(36940444868c3bdd7187eceb3e076533))':
    dependencies:
      '@deepseek-ai/cordis': 4.0.4
      '@deepseek-ai/dsh-attachment': 0.2.0-rc.1(@deepseek-ai/cordis@4.0.4)(@deepseek-ai/dsh-brand@0.2.0-rc.1(@deepseek-ai/cordis@4.0.4))
      '@deepseek-ai/dsh-llm': 0.2.0-rc.1(@deepseek-ai/cordis@4.0.4)
      '@deepseek-ai/dsh-scope': 0.2.0-rc.1(@deepseek-ai/cordis@4.0.4)(@deepseek-ai/dsh-invariants@0.2.0-rc.1(@deepseek-ai/cordis@4.0.4))
      '@deepseek-ai/dsh-subprocess': 0.2.0-rc.1(@deepseek-ai/cordis@4.0.4)(@deepseek-ai/dsh-http-proxy@0.2.0-rc.1(@deepseek-ai/cordis@4.0.4))
      '@deepseek-ai/dsh-timeout': 0.2.0-rc.1(@deepseek-ai/cordis@4.0.4)
      '@deepseek-ai/dsh-tools': 0.2.0-rc.1(36940444868c3bdd7187eceb3e076533)
      '@deepseek-ai/dsh-util-values': 0.2.0-rc.1(@deepseek-ai/cordis@4.0.4)
      '@deepseek-ai/schemastery': 3.18.4
      '@modelcontextprotocol/client': 2.0.0
    optionalDependencies:
      '@deepseek-ai/dsh-system-prompt': 0.2.0-rc.1(@deepseek-ai/cordis@4.0.4)(@deepseek-ai/dsh-invariants@0.2.0-rc.1(@deepseek-ai/cordis@4.0.4))(@deepseek-ai/dsh-llm@0.2.0-rc.1(@deepseek-ai/cordis@4.0.4))(@deepseek-ai/dsh-scope@0.2.0-rc.1(@deepseek-ai/cordis@4.0.4)(@deepseek-ai/dsh-invariants@0.2.0-rc.1(@deepseek-ai/cordis@4.0.4)))

  '@deepseek-ai/dsh-ptc-runtime@0.2.0-rc.1(@deepseek-ai/cordis@4.0.4)(@deepseek-ai/dsh-sandbox@0.2.0-rc.1(@deepseek-ai/cordis@4.0.4)(@deepseek-ai/dsh-llm@0.2.0-rc.1(@deepseek-ai/cordis@4.0.4))(@deepseek-ai/dsh-session@0.2.0-rc.1(@deepseek-ai/cordis@4.0.4)(@deepseek-ai/dsh-scope@0.2.0-rc.1(@deepseek-ai/cordis@4.0.4)(@deepseek-ai/dsh-invariants@0.2.0-rc.1(@deepseek-ai/cordis@4.0.4)))))':
    dependencies:
      '@deepseek-ai/cordis': 4.0.4
      '@deepseek-ai/dsh-sandbox': 0.2.0-rc.1(@deepseek-ai/cordis@4.0.4)(@deepseek-ai/dsh-llm@0.2.0-rc.1(@deepseek-ai/cordis@4.0.4))(@deepseek-ai/dsh-session@0.2.0-rc.1(@deepseek-ai/cordis@4.0.4)(@deepseek-ai/dsh-scope@0.2.0-rc.1(@deepseek-ai/cordis@4.0.4)(@deepseek-ai/dsh-invariants@0.2.0-rc.1(@deepseek-ai/cordis@4.0.4))))

  '@deepseek-ai/dsh-sandbox-policy@0.2.0-rc.1(35b0c3189def866d8002cf16990840ce)':
    dependencies:
      '@deepseek-ai/cordis': 4.0.4
      '@deepseek-ai/dsh-agent': 0.2.0-rc.1(d61f3b086328d5683f77296febd0cfed)
      '@deepseek-ai/dsh-invariants': 0.2.0-rc.1(@deepseek-ai/cordis@4.0.4)
      '@deepseek-ai/dsh-sandbox': 0.2.0-rc.1(@deepseek-ai/cordis@4.0.4)(@deepseek-ai/dsh-llm@0.2.0-rc.1(@deepseek-ai/cordis@4.0.4))(@deepseek-ai/dsh-session@0.2.0-rc.1(@deepseek-ai/cordis@4.0.4)(@deepseek-ai/dsh-scope@0.2.0-rc.1(@deepseek-ai/cordis@4.0.4)(@deepseek-ai/dsh-invariants@0.2.0-rc.1(@deepseek-ai/cordis@4.0.4))))
      '@deepseek-ai/dsh-session': 0.2.0-rc.1(@deepseek-ai/cordis@4.0.4)(@deepseek-ai/dsh-scope@0.2.0-rc.1(@deepseek-ai/cordis@4.0.4)(@deepseek-ai/dsh-invariants@0.2.0-rc.1(@deepseek-ai/cordis@4.0.4)))
      '@deepseek-ai/dsh-session-projection': 0.2.0-rc.1(@deepseek-ai/cordis@4.0.4)(@deepseek-ai/dsh-session@0.2.0-rc.1(@deepseek-ai/cordis@4.0.4)(@deepseek-ai/dsh-scope@0.2.0-rc.1(@deepseek-ai/cordis@4.0.4)(@deepseek-ai/dsh-invariants@0.2.0-rc.1(@deepseek-ai/cordis@4.0.4))))
      '@deepseek-ai/dsh-system-prompt': 0.2.0-rc.1(@deepseek-ai/cordis@4.0.4)(@deepseek-ai/dsh-invariants@0.2.0-rc.1(@deepseek-ai/cordis@4.0.4))(@deepseek-ai/dsh-llm@0.2.0-rc.1(@deepseek-ai/cordis@4.0.4))(@deepseek-ai/dsh-scope@0.2.0-rc.1(@deepseek-ai/cordis@4.0.4)(@deepseek-ai/dsh-invariants@0.2.0-rc.1(@deepseek-ai/cordis@4.0.4)))
      '@deepseek-ai/schemastery': 3.18.4
      zod: 4.6.5

  '@deepseek-ai/dsh-sandbox@0.2.0-rc.1(@deepseek-ai/cordis@4.0.4)(@deepseek-ai/dsh-llm@0.2.0-rc.1(@deepseek-ai/cordis@4.0.4))(@deepseek-ai/dsh-session@0.2.0-rc.1(@deepseek-ai/cordis@4.0.4)(@deepseek-ai/dsh-scope@0.2.0-rc.1(@deepseek-ai/cordis@4.0.4)(@deepseek-ai/dsh-invariants@0.2.0-rc.1(@deepseek-ai/cordis@4.0.4))))':
    dependencies:
      '@deepseek-ai/cordis': 4.0.4
      '@deepseek-ai/dsh-llm': 0.2.0-rc.1(@deepseek-ai/cordis@4.0.4)
      '@deepseek-ai/dsh-session': 0.2.0-rc.1(@deepseek-ai/cordis@4.0.4)(@deepseek-ai/dsh-scope@0.2.0-rc.1(@deepseek-ai/cordis@4.0.4)(@deepseek-ai/dsh-invariants@0.2.0-rc.1(@deepseek-ai/cordis@4.0.4)))
      '@deepseek-ai/dsh-util-values': 0.2.0-rc.1(@deepseek-ai/cordis@4.0.4)

  '@deepseek-ai/dsh-scope@0.2.0-rc.1(@deepseek-ai/cordis@4.0.4)(@deepseek-ai/dsh-invariants@0.2.0-rc.1(@deepseek-ai/cordis@4.0.4))':
    dependencies:
      '@deepseek-ai/cordis': 4.0.4
      '@deepseek-ai/dsh-invariants': 0.2.0-rc.1(@deepseek-ai/cordis@4.0.4)

  '@deepseek-ai/dsh-session-persistence@0.2.0-rc.1(@deepseek-ai/cordis@4.0.4)(@deepseek-ai/dsh-brand@0.2.0-rc.1(@deepseek-ai/cordis@4.0.4))(@deepseek-ai/dsh-session@0.2.0-rc.1(@deepseek-ai/cordis@4.0.4)(@deepseek-ai/dsh-scope@0.2.0-rc.1(@deepseek-ai/cordis@4.0.4)(@deepseek-ai/dsh-invariants@0.2.0-rc.1(@deepseek-ai/cordis@4.0.4))))(@deepseek-ai/dsh-timeout@0.2.0-rc.1(@deepseek-ai/cordis@4.0.4))':
    dependencies:
      '@deepseek-ai/cordis': 4.0.4
      '@deepseek-ai/dsh-brand': 0.2.0-rc.1(@deepseek-ai/cordis@4.0.4)
      '@deepseek-ai/dsh-session': 0.2.0-rc.1(@deepseek-ai/cordis@4.0.4)(@deepseek-ai/dsh-scope@0.2.0-rc.1(@deepseek-ai/cordis@4.0.4)(@deepseek-ai/dsh-invariants@0.2.0-rc.1(@deepseek-ai/cordis@4.0.4)))
      '@deepseek-ai/dsh-timeout': 0.2.0-rc.1(@deepseek-ai/cordis@4.0.4)
      '@deepseek-ai/dsh-util-values': 0.2.0-rc.1(@deepseek-ai/cordis@4.0.4)

  '@deepseek-ai/dsh-session-projection@0.2.0-rc.1(@deepseek-ai/cordis@4.0.4)(@deepseek-ai/dsh-session@0.2.0-rc.1(@deepseek-ai/cordis@4.0.4)(@deepseek-ai/dsh-scope@0.2.0-rc.1(@deepseek-ai/cordis@4.0.4)(@deepseek-ai/dsh-invariants@0.2.0-rc.1(@deepseek-ai/cordis@4.0.4))))':
    dependencies:
      '@deepseek-ai/cordis': 4.0.4
      '@deepseek-ai/dsh-session': 0.2.0-rc.1(@deepseek-ai/cordis@4.0.4)(@deepseek-ai/dsh-scope@0.2.0-rc.1(@deepseek-ai/cordis@4.0.4)(@deepseek-ai/dsh-invariants@0.2.0-rc.1(@deepseek-ai/cordis@4.0.4)))
      zod: 4.6.5

  '@deepseek-ai/dsh-session@0.2.0-rc.1(@deepseek-ai/cordis@4.0.4)(@deepseek-ai/dsh-scope@0.2.0-rc.1(@deepseek-ai/cordis@4.0.4)(@deepseek-ai/dsh-invariants@0.2.0-rc.1(@deepseek-ai/cordis@4.0.4)))':
    dependencies:
      '@deepseek-ai/cordis': 4.0.4
      '@deepseek-ai/dsh-brand': 0.2.0-rc.1(@deepseek-ai/cordis@4.0.4)
      '@deepseek-ai/dsh-llm': 0.2.0-rc.1(@deepseek-ai/cordis@4.0.4)
      '@deepseek-ai/dsh-scope': 0.2.0-rc.1(@deepseek-ai/cordis@4.0.4)(@deepseek-ai/dsh-invariants@0.2.0-rc.1(@deepseek-ai/cordis@4.0.4))
      '@deepseek-ai/dsh-util-values': 0.2.0-rc.1(@deepseek-ai/cordis@4.0.4)

  '@deepseek-ai/dsh-subprocess@0.2.0-rc.1(@deepseek-ai/cordis@4.0.4)(@deepseek-ai/dsh-http-proxy@0.2.0-rc.1(@deepseek-ai/cordis@4.0.4))':
    dependencies:
      '@deepseek-ai/cordis': 4.0.4
      '@deepseek-ai/dsh-http-proxy': 0.2.0-rc.1(@deepseek-ai/cordis@4.0.4)

  '@deepseek-ai/dsh-system-prompt@0.2.0-rc.1(@deepseek-ai/cordis@4.0.4)(@deepseek-ai/dsh-invariants@0.2.0-rc.1(@deepseek-ai/cordis@4.0.4))(@deepseek-ai/dsh-llm@0.2.0-rc.1(@deepseek-ai/cordis@4.0.4))(@deepseek-ai/dsh-scope@0.2.0-rc.1(@deepseek-ai/cordis@4.0.4)(@deepseek-ai/dsh-invariants@0.2.0-rc.1(@deepseek-ai/cordis@4.0.4)))':
    dependencies:
      '@deepseek-ai/cordis': 4.0.4
      '@deepseek-ai/dsh-invariants': 0.2.0-rc.1(@deepseek-ai/cordis@4.0.4)
      '@deepseek-ai/dsh-llm': 0.2.0-rc.1(@deepseek-ai/cordis@4.0.4)
      '@deepseek-ai/dsh-scope': 0.2.0-rc.1(@deepseek-ai/cordis@4.0.4)(@deepseek-ai/dsh-invariants@0.2.0-rc.1(@deepseek-ai/cordis@4.0.4))
      '@deepseek-ai/schemastery': 3.18.4

  '@deepseek-ai/dsh-timeout@0.2.0-rc.1(@deepseek-ai/cordis@4.0.4)':
    dependencies:
      '@deepseek-ai/cordis': 4.0.4

  '@deepseek-ai/dsh-tools@0.2.0-rc.1(36940444868c3bdd7187eceb3e076533)':
    dependencies:
      '@deepseek-ai/cordis': 4.0.4
      '@deepseek-ai/dsh-agent': 0.2.0-rc.1(d61f3b086328d5683f77296febd0cfed)
      '@deepseek-ai/dsh-brand': 0.2.0-rc.1(@deepseek-ai/cordis@4.0.4)
      '@deepseek-ai/dsh-invariants': 0.2.0-rc.1(@deepseek-ai/cordis@4.0.4)
      '@deepseek-ai/dsh-llm': 0.2.0-rc.1(@deepseek-ai/cordis@4.0.4)
      '@deepseek-ai/dsh-ptc-runtime': 0.2.0-rc.1(@deepseek-ai/cordis@4.0.4)(@deepseek-ai/dsh-sandbox@0.2.0-rc.1(@deepseek-ai/cordis@4.0.4)(@deepseek-ai/dsh-llm@0.2.0-rc.1(@deepseek-ai/cordis@4.0.4))(@deepseek-ai/dsh-session@0.2.0-rc.1(@deepseek-ai/cordis@4.0.4)(@deepseek-ai/dsh-scope@0.2.0-rc.1(@deepseek-ai/cordis@4.0.4)(@deepseek-ai/dsh-invariants@0.2.0-rc.1(@deepseek-ai/cordis@4.0.4)))))
      '@deepseek-ai/dsh-sandbox': 0.2.0-rc.1(@deepseek-ai/cordis@4.0.4)(@deepseek-ai/dsh-llm@0.2.0-rc.1(@deepseek-ai/cordis@4.0.4))(@deepseek-ai/dsh-session@0.2.0-rc.1(@deepseek-ai/cordis@4.0.4)(@deepseek-ai/dsh-scope@0.2.0-rc.1(@deepseek-ai/cordis@4.0.4)(@deepseek-ai/dsh-invariants@0.2.0-rc.1(@deepseek-ai/cordis@4.0.4))))
      '@deepseek-ai/dsh-sandbox-policy': 0.2.0-rc.1(35b0c3189def866d8002cf16990840ce)
      '@deepseek-ai/dsh-scope': 0.2.0-rc.1(@deepseek-ai/cordis@4.0.4)(@deepseek-ai/dsh-invariants@0.2.0-rc.1(@deepseek-ai/cordis@4.0.4))
      '@deepseek-ai/dsh-session': 0.2.0-rc.1(@deepseek-ai/cordis@4.0.4)(@deepseek-ai/dsh-scope@0.2.0-rc.1(@deepseek-ai/cordis@4.0.4)(@deepseek-ai/dsh-invariants@0.2.0-rc.1(@deepseek-ai/cordis@4.0.4)))
      '@deepseek-ai/dsh-system-prompt': 0.2.0-rc.1(@deepseek-ai/cordis@4.0.4)(@deepseek-ai/dsh-invariants@0.2.0-rc.1(@deepseek-ai/cordis@4.0.4))(@deepseek-ai/dsh-llm@0.2.0-rc.1(@deepseek-ai/cordis@4.0.4))(@deepseek-ai/dsh-scope@0.2.0-rc.1(@deepseek-ai/cordis@4.0.4)(@deepseek-ai/dsh-invariants@0.2.0-rc.1(@deepseek-ai/cordis@4.0.4)))
      '@deepseek-ai/dsh-user-approval': 0.2.0-rc.1(@deepseek-ai/cordis@4.0.4)(@deepseek-ai/dsh-agent@0.2.0-rc.1(d61f3b086328d5683f77296febd0cfed))(@deepseek-ai/dsh-brand@0.2.0-rc.1(@deepseek-ai/cordis@4.0.4))(@deepseek-ai/dsh-invariants@0.2.0-rc.1(@deepseek-ai/cordis@4.0.4))(@deepseek-ai/dsh-llm@0.2.0-rc.1(@deepseek-ai/cordis@4.0.4))(@deepseek-ai/dsh-scope@0.2.0-rc.1(@deepseek-ai/cordis@4.0.4)(@deepseek-ai/dsh-invariants@0.2.0-rc.1(@deepseek-ai/cordis@4.0.4)))(@deepseek-ai/dsh-session@0.2.0-rc.1(@deepseek-ai/cordis@4.0.4)(@deepseek-ai/dsh-scope@0.2.0-rc.1(@deepseek-ai/cordis@4.0.4)(@deepseek-ai/dsh-invariants@0.2.0-rc.1(@deepseek-ai/cordis@4.0.4))))(@deepseek-ai/dsh-system-prompt@0.2.0-rc.1(@deepseek-ai/cordis@4.0.4)(@deepseek-ai/dsh-invariants@0.2.0-rc.1(@deepseek-ai/cordis@4.0.4))(@deepseek-ai/dsh-llm@0.2.0-rc.1(@deepseek-ai/cordis@4.0.4))(@deepseek-ai/dsh-scope@0.2.0-rc.1(@deepseek-ai/cordis@4.0.4)(@deepseek-ai/dsh-invariants@0.2.0-rc.1(@deepseek-ai/cordis@4.0.4))))
      '@deepseek-ai/dsh-util-values': 0.2.0-rc.1(@deepseek-ai/cordis@4.0.4)
      '@deepseek-ai/schemastery': 3.18.4

  '@deepseek-ai/dsh-typert-protocol@0.2.0-rc.1(@deepseek-ai/cordis@4.0.4)':
    dependencies:
      '@deepseek-ai/cordis': 4.0.4
      '@deepseek-ai/dsh-brand': 0.2.0-rc.1(@deepseek-ai/cordis@4.0.4)

  '@deepseek-ai/dsh-user-approval@0.2.0-rc.1(@deepseek-ai/cordis@4.0.4)(@deepseek-ai/dsh-agent@0.2.0-rc.1(d61f3b086328d5683f77296febd0cfed))(@deepseek-ai/dsh-brand@0.2.0-rc.1(@deepseek-ai/cordis@4.0.4))(@deepseek-ai/dsh-invariants@0.2.0-rc.1(@deepseek-ai/cordis@4.0.4))(@deepseek-ai/dsh-llm@0.2.0-rc.1(@deepseek-ai/cordis@4.0.4))(@deepseek-ai/dsh-scope@0.2.0-rc.1(@deepseek-ai/cordis@4.0.4)(@deepseek-ai/dsh-invariants@0.2.0-rc.1(@deepseek-ai/cordis@4.0.4)))(@deepseek-ai/dsh-session@0.2.0-rc.1(@deepseek-ai/cordis@4.0.4)(@deepseek-ai/dsh-scope@0.2.0-rc.1(@deepseek-ai/cordis@4.0.4)(@deepseek-ai/dsh-invariants@0.2.0-rc.1(@deepseek-ai/cordis@4.0.4))))(@deepseek-ai/dsh-system-prompt@0.2.0-rc.1(@deepseek-ai/cordis@4.0.4)(@deepseek-ai/dsh-invariants@0.2.0-rc.1(@deepseek-ai/cordis@4.0.4))(@deepseek-ai/dsh-llm@0.2.0-rc.1(@deepseek-ai/cordis@4.0.4))(@deepseek-ai/dsh-scope@0.2.0-rc.1(@deepseek-ai/cordis@4.0.4)(@deepseek-ai/dsh-invariants@0.2.0-rc.1(@deepseek-ai/cordis@4.0.4))))':
    dependencies:
      '@deepseek-ai/cordis': 4.0.4
      '@deepseek-ai/dsh-agent': 0.2.0-rc.1(d61f3b086328d5683f77296febd0cfed)
      '@deepseek-ai/dsh-brand': 0.2.0-rc.1(@deepseek-ai/cordis@4.0.4)
      '@deepseek-ai/dsh-invariants': 0.2.0-rc.1(@deepseek-ai/cordis@4.0.4)
      '@deepseek-ai/dsh-llm': 0.2.0-rc.1(@deepseek-ai/cordis@4.0.4)
      '@deepseek-ai/dsh-scope': 0.2.0-rc.1(@deepseek-ai/cordis@4.0.4)(@deepseek-ai/dsh-invariants@0.2.0-rc.1(@deepseek-ai/cordis@4.0.4))
      '@deepseek-ai/dsh-session': 0.2.0-rc.1(@deepseek-ai/cordis@4.0.4)(@deepseek-ai/dsh-scope@0.2.0-rc.1(@deepseek-ai/cordis@4.0.4)(@deepseek-ai/dsh-invariants@0.2.0-rc.1(@deepseek-ai/cordis@4.0.4)))
      '@deepseek-ai/dsh-system-prompt': 0.2.0-rc.1(@deepseek-ai/cordis@4.0.4)(@deepseek-ai/dsh-invariants@0.2.0-rc.1(@deepseek-ai/cordis@4.0.4))(@deepseek-ai/dsh-llm@0.2.0-rc.1(@deepseek-ai/cordis@4.0.4))(@deepseek-ai/dsh-scope@0.2.0-rc.1(@deepseek-ai/cordis@4.0.4)(@deepseek-ai/dsh-invariants@0.2.0-rc.1(@deepseek-ai/cordis@4.0.4)))
      '@deepseek-ai/schemastery': 3.18.4

  '@deepseek-ai/dsh-util-crypto@0.2.0-rc.1(@deepseek-ai/cordis@4.0.4)':
    dependencies:
      '@deepseek-ai/cordis': 4.0.4

  '@deepseek-ai/dsh-util-values@0.2.0-rc.1(@deepseek-ai/cordis@4.0.4)':
    dependencies:
      '@deepseek-ai/cordis': 4.0.4

  '@deepseek-ai/schemastery@3.18.4':
    dependencies:
      '@deepseek-ai/cosmokit': 1.8.5
      '@standard-schema/spec': 1.1.0

  '@modelcontextprotocol/client@2.0.0':
    dependencies:
      '@modelcontextprotocol/core': 2.0.0
      cross-spawn: 7.0.6
      eventsource: 3.0.2
      eventsource-parser: 3.1.1
      jose: 6.2.12
      pkce-challenge: 5.0.0
      zod: 4.6.5

  '@modelcontextprotocol/core@2.0.0':
    dependencies:
      zod: 4.6.5

  '@standard-schema/spec@1.1.0': {}

  '@typescript/typescript-aix-ppc64@7.0.2':
    optional: true

  '@typescript/typescript-darwin-arm64@7.0.2':
    optional: true

  '@typescript/typescript-darwin-x64@7.0.2':
    optional: true

  '@typescript/typescript-freebsd-arm64@7.0.2':
    optional: true

  '@typescript/typescript-freebsd-x64@7.0.2':
    optional: true

  '@typescript/typescript-linux-arm64@7.0.2':
    optional: true

  '@typescript/typescript-linux-arm@7.0.2':
    optional: true

  '@typescript/typescript-linux-loong64@7.0.2':
    optional: true

  '@typescript/typescript-linux-mips64el@7.0.2':
    optional: true

  '@typescript/typescript-linux-ppc64@7.0.2':
    optional: true

  '@typescript/typescript-linux-riscv64@7.0.2':
    optional: true

  '@typescript/typescript-linux-s390x@7.0.2':
    optional: true

  '@typescript/typescript-linux-x64@7.0.2':
    optional: true

  '@typescript/typescript-netbsd-arm64@7.0.2':
    optional: true

  '@typescript/typescript-netbsd-x64@7.0.2':
    optional: true

  '@typescript/typescript-openbsd-arm64@7.0.2':
    optional: true

  '@typescript/typescript-openbsd-x64@7.0.2':
    optional: true

  '@typescript/typescript-sunos-x64@7.0.2':
    optional: true

  '@typescript/typescript-win32-arm64@7.0.2':
    optional: true

  '@typescript/typescript-win32-x64@7.0.2':
    optional: true

  cross-spawn@7.0.6:
    dependencies:
      path-key: 3.1.1
      shebang-command: 2.0.0
      which: 2.0.1

  eventsource-parser@3.1.1: {}

  eventsource@3.0.2:
    dependencies:
      eventsource-parser: 3.1.1

  isexe@2.0.0: {}

  jose@6.2.12: {}

  path-key@3.1.1: {}

  pkce-challenge@5.0.0: {}

  shebang-command@2.0.0:
    dependencies:
      shebang-regex: 3.0.0

  shebang-regex@3.0.0: {}

  typescript@7.0.2:
    optionalDependencies:
      '@typescript/typescript-aix-ppc64': 7.0.2
      '@typescript/typescript-darwin-arm64': 7.0.2
      '@typescript/typescript-darwin-x64': 7.0.2
      '@typescript/typescript-freebsd-arm64': 7.0.2
      '@typescript/typescript-freebsd-x64': 7.0.2
      '@typescript/typescript-linux-arm': 7.0.2
      '@typescript/typescript-linux-arm64': 7.0.2
      '@typescript/typescript-linux-loong64': 7.0.2
      '@typescript/typescript-linux-mips64el': 7.0.2
      '@typescript/typescript-linux-ppc64': 7.0.2
      '@typescript/typescript-linux-riscv64': 7.0.2
      '@typescript/typescript-linux-s390x': 7.0.2
      '@typescript/typescript-linux-x64': 7.0.2
      '@typescript/typescript-netbsd-arm64': 7.0.2
      '@typescript/typescript-netbsd-x64': 7.0.2
      '@typescript/typescript-openbsd-arm64': 7.0.2
      '@typescript/typescript-openbsd-x64': 7.0.2
      '@typescript/typescript-sunos-x64': 7.0.2
      '@typescript/typescript-win32-arm64': 7.0.2
      '@typescript/typescript-win32-x64': 7.0.2

  undici@8.11.2: {}

  which@2.0.1:
    dependencies:
      isexe: 2.0.0

  zod@4.6.5: {}
